
Microsoft Visual Studio Solution File, Format Version 12.00
# Visual Studio Version 17
VisualStudioVersion = 17.7.34031.279
MinimumVisualStudioVersion = 10.0.40219.1
Project("{8BC9CEB8-8B4A-11D0-8D11-00A0C91BC942}") = "scanf", "scanf\scanf.vcxproj", "{3FFE736F-1474-4718-AA3D-E9C6FFEB8636}"
EndProject
Global
	GlobalSection(SolutionConfigurationPlatforms) = preSolution
		Debug|x64 = Debug|x64
		Debug|x86 = Debug|x86
		Release|x64 = Release|x64
		Release|x86 = Release|x86
	EndGlobalSection
	GlobalSection(ProjectConfigurationPlatforms) = postSolution
		{3FFE736F-1474-4718-AA3D-E9C6FFEB8636}.Debug|x64.ActiveCfg = Debug|x64
		{3FFE736F-1474-4718-AA3D-E9C6FFEB8636}.Debug|x64.Build.0 = Debug|x64
		{3FFE736F-1474-4718-AA3D-E9C6FFEB8636}.Debug|x86.ActiveCfg = Debug|Win32
		{3FFE736F-1474-4718-AA3D-E9C6FFEB8636}.Debug|x86.Build.0 = Debug|Win32
		{3FFE736F-1474-4718-AA3D-E9C6FFEB8636}.Release|x64.ActiveCfg = Release|x64
		{3FFE736F-1474-4718-AA3D-E9C6FFEB8636}.Release|x64.Build.0 = Release|x64
		{3FFE736F-1474-4718-AA3D-E9C6FFEB8636}.Release|x86.ActiveCfg = Release|Win32
		{3FFE736F-1474-4718-AA3D-E9C6FFEB8636}.Release|x86.Build.0 = Release|Win32
	EndGlobalSection
	GlobalSection(SolutionProperties) = preSolution
		HideSolutionNode = FALSE
	EndGlobalSection
	GlobalSection(ExtensibilityGlobals) = postSolution
		SolutionGuid = {976921DD-BA31-49C0-AF83-6A9651D90823}
	EndGlobalSection
EndGlobal
