
Microsoft Visual Studio Solution File, Format Version 12.00
# Visual Studio Version 17
VisualStudioVersion = 17.7.34031.279
MinimumVisualStudioVersion = 10.0.40219.1
Project("{8BC9CEB8-8B4A-11D0-8D11-00A0C91BC942}") = "循环游戏", "循环游戏\循环游戏.vcxproj", "{88FB7009-C3DA-451B-B224-8B868C8E190A}"
EndProject
Global
	GlobalSection(SolutionConfigurationPlatforms) = preSolution
		Debug|x64 = Debug|x64
		Debug|x86 = Debug|x86
		Release|x64 = Release|x64
		Release|x86 = Release|x86
	EndGlobalSection
	GlobalSection(ProjectConfigurationPlatforms) = postSolution
		{88FB7009-C3DA-451B-B224-8B868C8E190A}.Debug|x64.ActiveCfg = Debug|x64
		{88FB7009-C3DA-451B-B224-8B868C8E190A}.Debug|x64.Build.0 = Debug|x64
		{88FB7009-C3DA-451B-B224-8B868C8E190A}.Debug|x86.ActiveCfg = Debug|Win32
		{88FB7009-C3DA-451B-B224-8B868C8E190A}.Debug|x86.Build.0 = Debug|Win32
		{88FB7009-C3DA-451B-B224-8B868C8E190A}.Release|x64.ActiveCfg = Release|x64
		{88FB7009-C3DA-451B-B224-8B868C8E190A}.Release|x64.Build.0 = Release|x64
		{88FB7009-C3DA-451B-B224-8B868C8E190A}.Release|x86.ActiveCfg = Release|Win32
		{88FB7009-C3DA-451B-B224-8B868C8E190A}.Release|x86.Build.0 = Release|Win32
	EndGlobalSection
	GlobalSection(SolutionProperties) = preSolution
		HideSolutionNode = FALSE
	EndGlobalSection
	GlobalSection(ExtensibilityGlobals) = postSolution
		SolutionGuid = {85729655-4C4A-4E6E-A87D-973495906646}
	EndGlobalSection
EndGlobal
